
Microsoft Visual Studio Solution File, Format Version 12.00
# Visual Studio Version 17
VisualStudioVersion = 17.4.33205.214
MinimumVisualStudioVersion = 10.0.40219.1
Project("{888888A0-9F3D-457C-B088-3A5042F75D52}") = "Практическая работа по теме Списки. Видео", "Практическая работа по теме Списки. Видео.pyproj", "{3CDC3F98-A558-4409-A156-6F40CE23D8E7}"
EndProject
Global
	GlobalSection(SolutionConfigurationPlatforms) = preSolution
		Debug|Any CPU = Debug|Any CPU
		Release|Any CPU = Release|Any CPU
	EndGlobalSection
	GlobalSection(ProjectConfigurationPlatforms) = postSolution
		{3CDC3F98-A558-4409-A156-6F40CE23D8E7}.Debug|Any CPU.ActiveCfg = Debug|Any CPU
		{3CDC3F98-A558-4409-A156-6F40CE23D8E7}.Release|Any CPU.ActiveCfg = Release|Any CPU
	EndGlobalSection
	GlobalSection(SolutionProperties) = preSolution
		HideSolutionNode = FALSE
	EndGlobalSection
	GlobalSection(ExtensibilityGlobals) = postSolution
		SolutionGuid = {DF00BE7F-5028-4CDC-920E-7DCE8D782B31}
	EndGlobalSection
EndGlobal
